
Microsoft Visual Studio Solution File, Format Version 12.00
# Visual Studio Version 17
VisualStudioVersion = 17.12.35527.113
MinimumVisualStudioVersion = 10.0.40219.1
Project("{FAE04EC0-301F-11D3-BF4B-00C04F79EFBC}") = "Server", "Server\Server.csproj", "{68E1DBD4-91F5-4CF9-8240-898988844D9E}"
EndProject
Project("{FAE04EC0-301F-11D3-BF4B-00C04F79EFBC}") = "Common", "Common\Common.csproj", "{1F60EE89-8251-4E9F-97A9-FAB8F2C770BB}"
EndProject
Project("{FAE04EC0-301F-11D3-BF4B-00C04F79EFBC}") = "Client", "Client\Client.csproj", "{C285B4FA-75AC-4E34-8CC9-2A1F5D9F112D}"
EndProject
Global
	GlobalSection(SolutionConfigurationPlatforms) = preSolution
		Debug|Any CPU = Debug|Any CPU
		Release|Any CPU = Release|Any CPU
	EndGlobalSection
	GlobalSection(ProjectConfigurationPlatforms) = postSolution
		{68E1DBD4-91F5-4CF9-8240-898988844D9E}.Debug|Any CPU.ActiveCfg = Debug|Any CPU
		{68E1DBD4-91F5-4CF9-8240-898988844D9E}.Debug|Any CPU.Build.0 = Debug|Any CPU
		{68E1DBD4-91F5-4CF9-8240-898988844D9E}.Release|Any CPU.ActiveCfg = Release|Any CPU
		{68E1DBD4-91F5-4CF9-8240-898988844D9E}.Release|Any CPU.Build.0 = Release|Any CPU
		{1F60EE89-8251-4E9F-97A9-FAB8F2C770BB}.Debug|Any CPU.ActiveCfg = Debug|Any CPU
		{1F60EE89-8251-4E9F-97A9-FAB8F2C770BB}.Debug|Any CPU.Build.0 = Debug|Any CPU
		{1F60EE89-8251-4E9F-97A9-FAB8F2C770BB}.Release|Any CPU.ActiveCfg = Release|Any CPU
		{1F60EE89-8251-4E9F-97A9-FAB8F2C770BB}.Release|Any CPU.Build.0 = Release|Any CPU
		{C285B4FA-75AC-4E34-8CC9-2A1F5D9F112D}.Debug|Any CPU.ActiveCfg = Debug|Any CPU
		{C285B4FA-75AC-4E34-8CC9-2A1F5D9F112D}.Debug|Any CPU.Build.0 = Debug|Any CPU
		{C285B4FA-75AC-4E34-8CC9-2A1F5D9F112D}.Release|Any CPU.ActiveCfg = Release|Any CPU
		{C285B4FA-75AC-4E34-8CC9-2A1F5D9F112D}.Release|Any CPU.Build.0 = Release|Any CPU
	EndGlobalSection
	GlobalSection(SolutionProperties) = preSolution
		HideSolutionNode = FALSE
	EndGlobalSection
EndGlobal
